
Microsoft Visual Studio Solution File, Format Version 12.00
# Visual Studio Version 16
VisualStudioVersion = 16.0.31005.135
MinimumVisualStudioVersion = 10.0.40219.1
Project("{FAE04EC0-301F-11D3-BF4B-00C04F79EFBC}") = "SysPerson.App", "SysPerson.App\SysPerson.App.csproj", "{23F214D8-7080-484E-818C-8AA3CF4306B5}"
EndProject
Project("{FAE04EC0-301F-11D3-BF4B-00C04F79EFBC}") = "SysPerson.Framework", "SysPerson.Framework\SysPerson.Framework.csproj", "{64314478-3D2A-4A5A-9327-5969A7A92945}"
EndProject
Project("{FAE04EC0-301F-11D3-BF4B-00C04F79EFBC}") = "SysPerson.Repository", "SysPerson.Repository\SysPerson.Repository.csproj", "{50B9BE01-A1B2-496E-972B-40D8F71EA8BD}"
EndProject
Project("{FAE04EC0-301F-11D3-BF4B-00C04F79EFBC}") = "SysPerson.Domain", "SysPerson.Domain\SysPerson.Domain.csproj", "{1E5827AF-74AF-4853-969F-AAE39649767A}"
EndProject
Project("{FAE04EC0-301F-11D3-BF4B-00C04F79EFBC}") = "SysPerson.Service", "SysPerson.Service\SysPerson.Service.csproj", "{0926E517-2757-4931-9A45-EBF7542C3A45}"
EndProject
Global
	GlobalSection(SolutionConfigurationPlatforms) = preSolution
		Debug|Any CPU = Debug|Any CPU
		Release|Any CPU = Release|Any CPU
	EndGlobalSection
	GlobalSection(ProjectConfigurationPlatforms) = postSolution
		{23F214D8-7080-484E-818C-8AA3CF4306B5}.Debug|Any CPU.ActiveCfg = Debug|Any CPU
		{23F214D8-7080-484E-818C-8AA3CF4306B5}.Debug|Any CPU.Build.0 = Debug|Any CPU
		{23F214D8-7080-484E-818C-8AA3CF4306B5}.Release|Any CPU.ActiveCfg = Release|Any CPU
		{23F214D8-7080-484E-818C-8AA3CF4306B5}.Release|Any CPU.Build.0 = Release|Any CPU
		{64314478-3D2A-4A5A-9327-5969A7A92945}.Debug|Any CPU.ActiveCfg = Debug|Any CPU
		{64314478-3D2A-4A5A-9327-5969A7A92945}.Debug|Any CPU.Build.0 = Debug|Any CPU
		{64314478-3D2A-4A5A-9327-5969A7A92945}.Release|Any CPU.ActiveCfg = Release|Any CPU
		{64314478-3D2A-4A5A-9327-5969A7A92945}.Release|Any CPU.Build.0 = Release|Any CPU
		{50B9BE01-A1B2-496E-972B-40D8F71EA8BD}.Debug|Any CPU.ActiveCfg = Debug|Any CPU
		{50B9BE01-A1B2-496E-972B-40D8F71EA8BD}.Debug|Any CPU.Build.0 = Debug|Any CPU
		{50B9BE01-A1B2-496E-972B-40D8F71EA8BD}.Release|Any CPU.ActiveCfg = Release|Any CPU
		{50B9BE01-A1B2-496E-972B-40D8F71EA8BD}.Release|Any CPU.Build.0 = Release|Any CPU
		{1E5827AF-74AF-4853-969F-AAE39649767A}.Debug|Any CPU.ActiveCfg = Debug|Any CPU
		{1E5827AF-74AF-4853-969F-AAE39649767A}.Debug|Any CPU.Build.0 = Debug|Any CPU
		{1E5827AF-74AF-4853-969F-AAE39649767A}.Release|Any CPU.ActiveCfg = Release|Any CPU
		{1E5827AF-74AF-4853-969F-AAE39649767A}.Release|Any CPU.Build.0 = Release|Any CPU
		{0926E517-2757-4931-9A45-EBF7542C3A45}.Debug|Any CPU.ActiveCfg = Debug|Any CPU
		{0926E517-2757-4931-9A45-EBF7542C3A45}.Debug|Any CPU.Build.0 = Debug|Any CPU
		{0926E517-2757-4931-9A45-EBF7542C3A45}.Release|Any CPU.ActiveCfg = Release|Any CPU
		{0926E517-2757-4931-9A45-EBF7542C3A45}.Release|Any CPU.Build.0 = Release|Any CPU
	EndGlobalSection
	GlobalSection(SolutionProperties) = preSolution
		HideSolutionNode = FALSE
	EndGlobalSection
	GlobalSection(ExtensibilityGlobals) = postSolution
		SolutionGuid = {FD36D514-1AD4-462A-B2ED-DC77CAC9BF3B}
	EndGlobalSection
EndGlobal
